Microsoft Visual Studio Solution File, Format Version 12.00
# Visual Studio Version 17
VisualStudioVersion = 17.5.2.0
MinimumVisualStudioVersion = 10.0.40219.1
Project("{FAE04EC0-301F-11D3-BF4B-00C04F79EFBC}") = "C4FAMS", "C4FAMS.csproj", "{0D68CEA4-0223-0E90-8D82-31206B0D8FEA}"
EndProject
Global
	GlobalSection(SolutionConfigurationPlatforms) = preSolution
		Debug|Any CPU = Debug|Any CPU
		Release|Any CPU = Release|Any CPU
	EndGlobalSection
	GlobalSection(ProjectConfigurationPlatforms) = postSolution
		{0D68CEA4-0223-0E90-8D82-31206B0D8FEA}.Debug|Any CPU.ActiveCfg = Debug|Any CPU
		{0D68CEA4-0223-0E90-8D82-31206B0D8FEA}.Debug|Any CPU.Build.0 = Debug|Any CPU
		{0D68CEA4-0223-0E90-8D82-31206B0D8FEA}.Release|Any CPU.ActiveCfg = Release|Any CPU
		{0D68CEA4-0223-0E90-8D82-31206B0D8FEA}.Release|Any CPU.Build.0 = Release|Any CPU
	EndGlobalSection
	GlobalSection(SolutionProperties) = preSolution
		HideSolutionNode = FALSE
	EndGlobalSection
	GlobalSection(ExtensibilityGlobals) = postSolution
		SolutionGuid = {6B74DFCE-2FBD-41A1-840C-CE9195C7656D}
	EndGlobalSection
EndGlobal
